
Microsoft Visual Studio Solution File, Format Version 12.00
# Visual Studio Version 16
VisualStudioVersion = 16.0.809.10
MinimumVisualStudioVersion = 10.0.40219.1
Project("{2150E333-8FDC-42A3-9474-1A3956D46DE8}") = "Solution Items", "Solution Items", "{01F7953C-72C5-4767-B72A-5E1C63615D19}"
	ProjectSection(SolutionItems) = preProject
		.editorconfig = .editorconfig
		README.md = README.md
	EndProjectSection
EndProject
Project("{FAE04EC0-301F-11D3-BF4B-00C04F79EFBC}") = "TeqBench.System.Data.NoSql.MongoDB.Models", "src\TeqBench.System.Data.NoSql.MongoDB.Models.csproj", "{CA3A0C70-2051-4518-AC5E-A01A503C9C39}"
EndProject
Project("{FAE04EC0-301F-11D3-BF4B-00C04F79EFBC}") = "TeqBench.System.Data.NoSql.MongoDB.Models.Tests", "tests\TeqBench.System.Data.NoSql.MongoDB.Models.Tests.csproj", "{43C5E5CC-6BB6-4AC4-98F4-96213B792AD7}"
EndProject
Global
	GlobalSection(SolutionConfigurationPlatforms) = preSolution
		Debug|Any CPU = Debug|Any CPU
		Release|Any CPU = Release|Any CPU
	EndGlobalSection
	GlobalSection(ProjectConfigurationPlatforms) = postSolution
		{CA3A0C70-2051-4518-AC5E-A01A503C9C39}.Debug|Any CPU.ActiveCfg = Debug|Any CPU
		{CA3A0C70-2051-4518-AC5E-A01A503C9C39}.Debug|Any CPU.Build.0 = Debug|Any CPU
		{CA3A0C70-2051-4518-AC5E-A01A503C9C39}.Release|Any CPU.ActiveCfg = Release|Any CPU
		{CA3A0C70-2051-4518-AC5E-A01A503C9C39}.Release|Any CPU.Build.0 = Release|Any CPU
		{43C5E5CC-6BB6-4AC4-98F4-96213B792AD7}.Debug|Any CPU.ActiveCfg = Debug|Any CPU
		{43C5E5CC-6BB6-4AC4-98F4-96213B792AD7}.Debug|Any CPU.Build.0 = Debug|Any CPU
		{43C5E5CC-6BB6-4AC4-98F4-96213B792AD7}.Release|Any CPU.ActiveCfg = Release|Any CPU
		{43C5E5CC-6BB6-4AC4-98F4-96213B792AD7}.Release|Any CPU.Build.0 = Release|Any CPU
	EndGlobalSection
	GlobalSection(SolutionProperties) = preSolution
		HideSolutionNode = FALSE
	EndGlobalSection
	GlobalSection(ExtensibilityGlobals) = postSolution
		SolutionGuid = {4D73492A-9E6D-4728-8FC3-27591C933DAF}
	EndGlobalSection
	GlobalSection(MonoDevelopProperties) = preSolution
		version = 
	EndGlobalSection
EndGlobal
