
Microsoft Visual Studio Solution File, Format Version 12.00
# Visual Studio Version 16
VisualStudioVersion = 16.0.809.10
MinimumVisualStudioVersion = 10.0.40219.1
Project("{2150E333-8FDC-42A3-9474-1A3956D46DE8}") = "Solution Items", "Solution Items", "{01F7953C-72C5-4767-B72A-5E1C63615D19}"
	ProjectSection(SolutionItems) = preProject
		.editorconfig = .editorconfig
	EndProjectSection
EndProject
Project("{FAE04EC0-301F-11D3-BF4B-00C04F79EFBC}") = "TeqBench.System.Data.NoSql.MongoDB.Models.Tests", "Tests\TeqBench.System.Data.NoSql.MongoDB.Models.Tests.csproj", "{0B80983B-7664-4907-8E79-AA7CFA8AE32C}"
EndProject
Project("{FAE04EC0-301F-11D3-BF4B-00C04F79EFBC}") = "TeqBench.System.Data.NoSql.MongoDB.Models", "Src\TeqBench.System.Data.NoSql.MongoDB.Models.csproj", "{CC45437B-F5EE-4780-87EA-9CBCE2C4175A}"
EndProject
Global
	GlobalSection(SolutionConfigurationPlatforms) = preSolution
		Debug|Any CPU = Debug|Any CPU
		Release|Any CPU = Release|Any CPU
	EndGlobalSection
	GlobalSection(ProjectConfigurationPlatforms) = postSolution
		{0B80983B-7664-4907-8E79-AA7CFA8AE32C}.Debug|Any CPU.ActiveCfg = Debug|Any CPU
		{0B80983B-7664-4907-8E79-AA7CFA8AE32C}.Debug|Any CPU.Build.0 = Debug|Any CPU
		{0B80983B-7664-4907-8E79-AA7CFA8AE32C}.Release|Any CPU.ActiveCfg = Release|Any CPU
		{0B80983B-7664-4907-8E79-AA7CFA8AE32C}.Release|Any CPU.Build.0 = Release|Any CPU
		{CC45437B-F5EE-4780-87EA-9CBCE2C4175A}.Debug|Any CPU.ActiveCfg = Debug|Any CPU
		{CC45437B-F5EE-4780-87EA-9CBCE2C4175A}.Debug|Any CPU.Build.0 = Debug|Any CPU
		{CC45437B-F5EE-4780-87EA-9CBCE2C4175A}.Release|Any CPU.ActiveCfg = Release|Any CPU
		{CC45437B-F5EE-4780-87EA-9CBCE2C4175A}.Release|Any CPU.Build.0 = Release|Any CPU
	EndGlobalSection
	GlobalSection(SolutionProperties) = preSolution
		HideSolutionNode = FALSE
	EndGlobalSection
	GlobalSection(ExtensibilityGlobals) = postSolution
		SolutionGuid = {4D73492A-9E6D-4728-8FC3-27591C933DAF}
	EndGlobalSection
	GlobalSection(MonoDevelopProperties) = preSolution
		version = 
	EndGlobalSection
EndGlobal
